
Microsoft Visual Studio Solution File, Format Version 12.00
# Visual Studio 15
VisualStudioVersion = 15.0.27004.2005
MinimumVisualStudioVersion = 10.0.40219.1
Project("{FAE04EC0-301F-11D3-BF4B-00C04F79EFBC}") = "Cube3d", "Cube3d\Cube3d.csproj", "{5E969DEC-3497-4D41-86B2-B6AEA8867F97}"
EndProject
Global
	GlobalSection(SolutionConfigurationPlatforms) = preSolution
		Debug|Any CPU = Debug|Any CPU
		Release|Any CPU = Release|Any CPU
	EndGlobalSection
	GlobalSection(ProjectConfigurationPlatforms) = postSolution
		{5E969DEC-3497-4D41-86B2-B6AEA8867F97}.Debug|Any CPU.ActiveCfg = Debug|Any CPU
		{5E969DEC-3497-4D41-86B2-B6AEA8867F97}.Debug|Any CPU.Build.0 = Debug|Any CPU
		{5E969DEC-3497-4D41-86B2-B6AEA8867F97}.Release|Any CPU.ActiveCfg = Release|Any CPU
		{5E969DEC-3497-4D41-86B2-B6AEA8867F97}.Release|Any CPU.Build.0 = Release|Any CPU
	EndGlobalSection
	GlobalSection(SolutionProperties) = preSolution
		HideSolutionNode = FALSE
	EndGlobalSection
	GlobalSection(ExtensibilityGlobals) = postSolution
		SolutionGuid = {EDEE8B57-376C-4A5F-8C87-B1D1BE155394}
	EndGlobalSection
EndGlobal
